<Solution>
  <Folder Name="/Aspire/">
    <Project Path="src\Top2000.Aspire.AppHost\Top2000.Aspire.AppHost.csproj" />
    <Project Path="src\Top2000.Aspire.ServiceDefaults\Top2000.Aspire.ServiceDefaults.csproj" />
  </Folder>
  <Project Path="src\Top2000.Api\Top2000.Api.csproj" />
  <Project Path="tests\Top2000.Api.Tests\Top2000.Api.Tests.csproj" Type="Classic C#" />
</Solution>